<?xml version="1.0" encoding="utf-8"?>
<Project ToolsVersion="4.0" xmlns="http://schemas.microsoft.com/developer/msbuild/2003">
  <ItemGroup>
    <Filter Include="Source Files">
      <UniqueIdentifier>{4FC737F1-C7A5-4376-A066-2A32D752A2FF}</UniqueIdentifier>
      <Extensions>cpp;c;cc;cxx;def;odl;idl;hpj;bat;asm;asmx</Extensions>
    </Filter>
    <Filter Include="Source Files\Auto">
      <UniqueIdentifier>{c819736c-a025-4ab1-81f5-cdda85aafe0b}</UniqueIdentifier>
    </Filter>
    <Filter Include="Header Files">
      <UniqueIdentifier>{93995380-89BD-4b04-88EB-625FBE52EBFB}</UniqueIdentifier>
      <Extensions>h;hpp;hxx;hm;inl;inc;xsd</Extensions>
    </Filter>
    <Filter Include="Header Files\Auto">
      <UniqueIdentifier>{cb931dcc-942f-4c8b-a573-d7352e9b9480}</UniqueIdentifier>
    </Filter>
    <Filter Include="Resource Files">
      <UniqueIdentifier>{67DA6AB6-F800-4c08-8B7A-83BB121AAD01}</UniqueIdentifier>
      <Extensions>rc;ico;cur;bmp;dlg;rc2;rct;bin;rgs;gif;jpg;jpeg;jpe;resx;tiff;tif;png;wav</Extensions>
    </Filter>
  </ItemGroup>
  <ItemGroup>
    <ClCompile Include="Bar_CNC2000.cpp">
      <Filter>Source Files</Filter>
    </ClCompile>
    <ClCompile Include="Bar_LaserControl_Settings.cpp">
      <Filter>Source Files</Filter>
    </ClCompile>
    <ClCompile Include="Bar_ParameterSettings.cpp">
      <Filter>Source Files</Filter>
    </ClCompile>
    <ClCompile Include="ChildFrm.cpp">
      <Filter>Source Files</Filter>
    </ClCompile>
    <ClCompile Include="CMSComm.cpp">
      <Filter>Source Files</Filter>
    </ClCompile>
    <ClCompile Include="DockingBar.cpp">
      <Filter>Source Files</Filter>
    </ClCompile>
    <ClCompile Include="Draw.cpp">
      <Filter>Source Files</Filter>
    </ClCompile>
    <ClCompile Include="Draw_TaskList.cpp">
      <Filter>Source Files</Filter>
    </ClCompile>
    <ClCompile Include="Hardware_Initialization.cpp">
      <Filter>Source Files</Filter>
    </ClCompile>
    <ClCompile Include="Hardware_Optics.cpp">
      <Filter>Source Files</Filter>
    </ClCompile>
    <ClCompile Include="HardwareSetting_ScanHead.cpp">
      <Filter>Source Files</Filter>
    </ClCompile>
    <ClCompile Include="HardwareSettings.cpp">
      <Filter>Source Files</Filter>
    </ClCompile>
    <ClCompile Include="LaserControl.cpp">
      <Filter>Source Files</Filter>
    </ClCompile>
    <ClCompile Include="LaserControl_Settings.cpp">
      <Filter>Source Files</Filter>
    </ClCompile>
    <ClCompile Include="LaserControl_Status.cpp">
      <Filter>Source Files</Filter>
    </ClCompile>
    <ClCompile Include="LaserScan.cpp">
      <Filter>Source Files</Filter>
    </ClCompile>
    <ClCompile Include="LaserScanDoc.cpp">
      <Filter>Source Files</Filter>
    </ClCompile>
    <ClCompile Include="LaserScanView.cpp">
      <Filter>Source Files</Filter>
    </ClCompile>
    <ClCompile Include="MainFrm.cpp">
      <Filter>Source Files</Filter>
    </ClCompile>
    <ClCompile Include="mydrawShape.cpp">
      <Filter>Source Files</Filter>
    </ClCompile>
    <ClCompile Include="MyStatusBar.cpp">
      <Filter>Source Files</Filter>
    </ClCompile>
    <ClCompile Include="ParameterSettings.cpp">
      <Filter>Source Files</Filter>
    </ClCompile>
    <ClCompile Include="RectPro.cpp">
      <Filter>Source Files</Filter>
    </ClCompile>
    <ClCompile Include="stdafx.cpp">
      <Filter>Source Files</Filter>
    </ClCompile>
    <ClCompile Include="Working_Automatic.cpp">
      <Filter>Source Files</Filter>
    </ClCompile>
    <ClCompile Include="Working_Processing.cpp">
      <Filter>Source Files</Filter>
    </ClCompile>
    <ClCompile Include="Working_Wobbel.cpp">
      <Filter>Source Files</Filter>
    </ClCompile>
    <ClCompile Include="WorkingMode.cpp">
      <Filter>Source Files</Filter>
    </ClCompile>
    <ClCompile Include="src\AutoHideBar.cpp">
      <Filter>Source Files\Auto</Filter>
    </ClCompile>
    <ClCompile Include="src\DockPageBar.cpp">
      <Filter>Source Files\Auto</Filter>
    </ClCompile>
    <ClCompile Include="src\sizecbar.cpp">
      <Filter>Source Files\Auto</Filter>
    </ClCompile>
  </ItemGroup>
  <ItemGroup>
    <ClInclude Include="Bar_CNC2000.h">
      <Filter>Header Files</Filter>
    </ClInclude>
    <ClInclude Include="Bar_LaserControl_Settings.h">
      <Filter>Header Files</Filter>
    </ClInclude>
    <ClInclude Include="Bar_ParameterSettings.h">
      <Filter>Header Files</Filter>
    </ClInclude>
    <ClInclude Include="ChildFrm.h">
      <Filter>Header Files</Filter>
    </ClInclude>
    <ClInclude Include="CMSComm.h">
      <Filter>Header Files</Filter>
    </ClInclude>
    <ClInclude Include="DockingBar.h">
      <Filter>Header Files</Filter>
    </ClInclude>
    <ClInclude Include="Draw.h">
      <Filter>Header Files</Filter>
    </ClInclude>
    <ClInclude Include="Draw_TaskList.h">
      <Filter>Header Files</Filter>
    </ClInclude>
    <ClInclude Include="Hardware_Initialization.h">
      <Filter>Header Files</Filter>
    </ClInclude>
    <ClInclude Include="Hardware_Optics.h">
      <Filter>Header Files</Filter>
    </ClInclude>
    <ClInclude Include="HardwareSetting_ScanHead.h">
      <Filter>Header Files</Filter>
    </ClInclude>
    <ClInclude Include="HardwareSettings.h">
      <Filter>Header Files</Filter>
    </ClInclude>
    <ClInclude Include="LaserControl.h">
      <Filter>Header Files</Filter>
    </ClInclude>
    <ClInclude Include="LaserControl_Settings.h">
      <Filter>Header Files</Filter>
    </ClInclude>
    <ClInclude Include="LaserControl_Status.h">
      <Filter>Header Files</Filter>
    </ClInclude>
    <ClInclude Include="LaserScan.h">
      <Filter>Header Files</Filter>
    </ClInclude>
    <ClInclude Include="LaserScanDoc.h">
      <Filter>Header Files</Filter>
    </ClInclude>
    <ClInclude Include="LaserScanView.h">
      <Filter>Header Files</Filter>
    </ClInclude>
    <ClInclude Include="MainFrm.h">
      <Filter>Header Files</Filter>
    </ClInclude>
    <ClInclude Include="mydrawShape.h">
      <Filter>Header Files</Filter>
    </ClInclude>
    <ClInclude Include="MyStatusBar.h">
      <Filter>Header Files</Filter>
    </ClInclude>
    <ClInclude Include="ParameterSettings.h">
      <Filter>Header Files</Filter>
    </ClInclude>
    <ClInclude Include="RectPro.h">
      <Filter>Header Files</Filter>
    </ClInclude>
    <ClInclude Include="Resource.h">
      <Filter>Header Files</Filter>
    </ClInclude>
    <ClInclude Include="stdafx.h">
      <Filter>Header Files</Filter>
    </ClInclude>
    <ClInclude Include="targetver.h">
      <Filter>Header Files</Filter>
    </ClInclude>
    <ClInclude Include="Working_Automatic.h">
      <Filter>Header Files</Filter>
    </ClInclude>
    <ClInclude Include="Working_Processing.h">
      <Filter>Header Files</Filter>
    </ClInclude>
    <ClInclude Include="Working_Wobbel.h">
      <Filter>Header Files</Filter>
    </ClInclude>
    <ClInclude Include="WorkingMode.h">
      <Filter>Header Files</Filter>
    </ClInclude>
    <ClInclude Include="src\AutoHideBar.h">
      <Filter>Header Files\Auto</Filter>
    </ClInclude>
    <ClInclude Include="src\DockPageBar.h">
      <Filter>Header Files\Auto</Filter>
    </ClInclude>
    <ClInclude Include="src\sizecbar.h">
      <Filter>Header Files\Auto</Filter>
    </ClInclude>
  </ItemGroup>
  <ItemGroup>
    <None Include="res\ico00001.ico">
      <Filter>Resource Files</Filter>
    </None>
    <None Include="res\ico00002.ico">
      <Filter>Resource Files</Filter>
    </None>
    <None Include="res\ico00003.ico">
      <Filter>Resource Files</Filter>
    </None>
    <None Include="res\icon1.ico">
      <Filter>Resource Files</Filter>
    </None>
    <None Include="res\LaserScan.ico">
      <Filter>Resource Files</Filter>
    </None>
    <None Include="res\LaserScan.rc2">
      <Filter>Resource Files</Filter>
    </None>
    <None Include="res\LaserScanDoc.ico">
      <Filter>Resource Files</Filter>
    </None>
    <None Include="res\Toolbar.bmp">
      <Filter>Resource Files</Filter>
    </None>
    <None Include="ReadMe.txt" />
  </ItemGroup>
  <ItemGroup>
    <ResourceCompile Include="LaserScan.rc">
      <Filter>Resource Files</Filter>
    </ResourceCompile>
  </ItemGroup>
</Project>